
Microsoft Visual Studio Solution File, Format Version 12.00
# Visual Studio Version 17
VisualStudioVersion = 17.5.002.0
MinimumVisualStudioVersion = 10.0.40219.1
Project("{9A19103F-16F7-4668-BE54-9A1E7A4F7556}") = "BusinessService", "BusinessService.csproj", "{37785704-5C71-4FF9-AAFE-42462787F6BF}"
EndProject
Global
	GlobalSection(SolutionConfigurationPlatforms) = preSolution
		Debug|Any CPU = Debug|Any CPU
		Release|Any CPU = Release|Any CPU
	EndGlobalSection
	GlobalSection(ProjectConfigurationPlatforms) = postSolution
		{37785704-5C71-4FF9-AAFE-42462787F6BF}.Debug|Any CPU.ActiveCfg = Debug|Any CPU
		{37785704-5C71-4FF9-AAFE-42462787F6BF}.Debug|Any CPU.Build.0 = Debug|Any CPU
		{37785704-5C71-4FF9-AAFE-42462787F6BF}.Release|Any CPU.ActiveCfg = Release|Any CPU
		{37785704-5C71-4FF9-AAFE-42462787F6BF}.Release|Any CPU.Build.0 = Release|Any CPU
	EndGlobalSection
	GlobalSection(SolutionProperties) = preSolution
		HideSolutionNode = FALSE
	EndGlobalSection
	GlobalSection(ExtensibilityGlobals) = postSolution
		SolutionGuid = {6A4082B8-BB00-448F-82C3-380AEA798F29}
	EndGlobalSection
EndGlobal
